
Microsoft Visual Studio Solution File, Format Version 12.00
# Visual Studio 14
VisualStudioVersion = 14.0.24720.0
MinimumVisualStudioVersion = 10.0.40219.1
Project("{151D2E53-A2C4-4D7D-83FE-D05416EBD58E}") = "RSARM", "RSARM\RSARM.deployproj", "{97B0B977-5EDA-435D-9386-B5C045638C38}"
EndProject
Project("{2150E333-8FDC-42A3-9474-1A3956D46DE8}") = "Solution Items", "Solution Items", "{B5A1C44F-CC91-4102-99AF-4638E4185386}"
	ProjectSection(SolutionItems) = preProject
		Readme.md = Readme.md
	EndProjectSection
EndProject
Global
	GlobalSection(SolutionConfigurationPlatforms) = preSolution
		Debug|Any CPU = Debug|Any CPU
		Release|Any CPU = Release|Any CPU
	EndGlobalSection
	GlobalSection(ProjectConfigurationPlatforms) = postSolution
		{97B0B977-5EDA-435D-9386-B5C045638C38}.Debug|Any CPU.ActiveCfg = Debug|Any CPU
		{97B0B977-5EDA-435D-9386-B5C045638C38}.Debug|Any CPU.Build.0 = Debug|Any CPU
		{97B0B977-5EDA-435D-9386-B5C045638C38}.Release|Any CPU.ActiveCfg = Release|Any CPU
		{97B0B977-5EDA-435D-9386-B5C045638C38}.Release|Any CPU.Build.0 = Release|Any CPU
	EndGlobalSection
	GlobalSection(SolutionProperties) = preSolution
		HideSolutionNode = FALSE
	EndGlobalSection
EndGlobal
